// !$*UTF8*$!
{
	archiveVersion = 1;
	classes = {
	};
	objectVersion = 56;
	objects = {

/* Begin PBXBuildFile section */
		AD1B7D402A9F8911008E0098 /* NetworkManager.swift in Sources */ = {isa = PBXBuildFile; fileRef = AD1B7D3F2A9F8911008E0098 /* NetworkManager.swift */; };
		AD1B7D422A9F9079008E0098 /* Singleton.swift in Sources */ = {isa = PBXBuildFile; fileRef = AD1B7D412A9F9078008E0098 /* Singleton.swift */; };
		AD1B7D472AA0D4C9008E0098 /* TicketsDecoded.swift in Sources */ = {isa = PBXBuildFile; fileRef = AD1B7D462AA0D4C9008E0098 /* TicketsDecoded.swift */; };
		AD1B7D492AA0F3B5008E0098 /* TicketForUI.swift in Sources */ = {isa = PBXBuildFile; fileRef = AD1B7D482AA0F3B5008E0098 /* TicketForUI.swift */; };
		ADB923BE2AB85EBC00B3DD78 /* Mapper.swift in Sources */ = {isa = PBXBuildFile; fileRef = ADB923BD2AB85EBC00B3DD78 /* Mapper.swift */; };
		ADB923C02AB85ED600B3DD78 /* RouterErrors.swift in Sources */ = {isa = PBXBuildFile; fileRef = ADB923BF2AB85ED600B3DD78 /* RouterErrors.swift */; };
		ADBF51FE2ACACCA9008E119C /* EndPoint.swift in Sources */ = {isa = PBXBuildFile; fileRef = ADBF51FD2ACACCA9008E119C /* EndPoint.swift */; };
		ADBF52022ACAEF4A008E119C /* Print.swift in Sources */ = {isa = PBXBuildFile; fileRef = ADBF52012ACAEF4A008E119C /* Print.swift */; };
		ADBF52042ACC45BD008E119C /* Alert.swift in Sources */ = {isa = PBXBuildFile; fileRef = ADBF52032ACC45BD008E119C /* Alert.swift */; };
		ADC58D572ABD73EB00961170 /* NetworkRouter.swift in Sources */ = {isa = PBXBuildFile; fileRef = ADC58D562ABD73EB00961170 /* NetworkRouter.swift */; };
		ADC58D592ABD884900961170 /* MapperError.swift in Sources */ = {isa = PBXBuildFile; fileRef = ADC58D582ABD884800961170 /* MapperError.swift */; };
		ADC58D5C2ABEBC8D00961170 /* NetWorkManagerErrors.swift in Sources */ = {isa = PBXBuildFile; fileRef = ADC58D5B2ABEBC8D00961170 /* NetWorkManagerErrors.swift */; };
		ADC58D5E2AC1912400961170 /* DateManager.swift in Sources */ = {isa = PBXBuildFile; fileRef = ADC58D5D2AC1912400961170 /* DateManager.swift */; };
		ADC58D612AC1C1BD00961170 /* DataTransformer.swift in Sources */ = {isa = PBXBuildFile; fileRef = ADC58D602AC1C1BD00961170 /* DataTransformer.swift */; };
		ADE0B7572AD01C3800D117B1 /* Animate.swift in Sources */ = {isa = PBXBuildFile; fileRef = ADE0B7562AD01C3800D117B1 /* Animate.swift */; };
		ADE1D0072A84FD47005BCC73 /* AppDelegate.swift in Sources */ = {isa = PBXBuildFile; fileRef = ADE1D0062A84FD47005BCC73 /* AppDelegate.swift */; };
		ADE1D0092A84FD47005BCC73 /* SceneDelegate.swift in Sources */ = {isa = PBXBuildFile; fileRef = ADE1D0082A84FD47005BCC73 /* SceneDelegate.swift */; };
		ADE1D00B2A84FD47005BCC73 /* TicketsViewController.swift in Sources */ = {isa = PBXBuildFile; fileRef = ADE1D00A2A84FD47005BCC73 /* TicketsViewController.swift */; };
		ADE1D0102A84FD47005BCC73 /* Assets.xcassets in Resources */ = {isa = PBXBuildFile; fileRef = ADE1D00F2A84FD47005BCC73 /* Assets.xcassets */; };
		ADE1D0132A84FD47005BCC73 /* LaunchScreen.storyboard in Resources */ = {isa = PBXBuildFile; fileRef = ADE1D0112A84FD47005BCC73 /* LaunchScreen.storyboard */; };
		ADE1D01C2A850017005BCC73 /* TicketsViewModel.swift in Sources */ = {isa = PBXBuildFile; fileRef = ADE1D01B2A850017005BCC73 /* TicketsViewModel.swift */; };
		ADE1D0202A8500D9005BCC73 /* Styles.swift in Sources */ = {isa = PBXBuildFile; fileRef = ADE1D01F2A8500D9005BCC73 /* Styles.swift */; };
		ADE1D0222A850116005BCC73 /* UIView + Extension.swift in Sources */ = {isa = PBXBuildFile; fileRef = ADE1D0212A850116005BCC73 /* UIView + Extension.swift */; };
		ADE1D0242A85013E005BCC73 /* UILabel + Extension.swift in Sources */ = {isa = PBXBuildFile; fileRef = ADE1D0232A85013E005BCC73 /* UILabel + Extension.swift */; };
		ADE1D02B2A8501CB005BCC73 /* DetailsViewController.swift in Sources */ = {isa = PBXBuildFile; fileRef = ADE1D02A2A8501CB005BCC73 /* DetailsViewController.swift */; };
		ADE1D02D2A8501DE005BCC73 /* DetailsViewModel.swift in Sources */ = {isa = PBXBuildFile; fileRef = ADE1D02C2A8501DE005BCC73 /* DetailsViewModel.swift */; };
		ADE1D0302A850215005BCC73 /* AirTicketCollectionViewCell.swift in Sources */ = {isa = PBXBuildFile; fileRef = ADE1D02F2A850215005BCC73 /* AirTicketCollectionViewCell.swift */; };
		ADE1D0362A864D33005BCC73 /* CoordinatorProtocol.swift in Sources */ = {isa = PBXBuildFile; fileRef = ADE1D0352A864D33005BCC73 /* CoordinatorProtocol.swift */; };
		ADE1D0382A864D46005BCC73 /* MainCoordinator.swift in Sources */ = {isa = PBXBuildFile; fileRef = ADE1D0372A864D46005BCC73 /* MainCoordinator.swift */; };
		ADE1D03A2A864D60005BCC73 /* TicketsCoordinator.swift in Sources */ = {isa = PBXBuildFile; fileRef = ADE1D0392A864D60005BCC73 /* TicketsCoordinator.swift */; };
/* End PBXBuildFile section */

/* Begin PBXFileReference section */
		AD1B7D3F2A9F8911008E0098 /* NetworkManager.swift */ = {isa = PBXFileReference; lastKnownFileType = sourcecode.swift; path = NetworkManager.swift; sourceTree = "<group>"; };
		AD1B7D412A9F9078008E0098 /* Singleton.swift */ = {isa = PBXFileReference; lastKnownFileType = sourcecode.swift; path = Singleton.swift; sourceTree = "<group>"; };
		AD1B7D462AA0D4C9008E0098 /* TicketsDecoded.swift */ = {isa = PBXFileReference; lastKnownFileType = sourcecode.swift; path = TicketsDecoded.swift; sourceTree = "<group>"; };
		AD1B7D482AA0F3B5008E0098 /* TicketForUI.swift */ = {isa = PBXFileReference; lastKnownFileType = sourcecode.swift; path = TicketForUI.swift; sourceTree = "<group>"; };
		ADB923BD2AB85EBC00B3DD78 /* Mapper.swift */ = {isa = PBXFileReference; lastKnownFileType = sourcecode.swift; path = Mapper.swift; sourceTree = "<group>"; };
		ADB923BF2AB85ED600B3DD78 /* RouterErrors.swift */ = {isa = PBXFileReference; lastKnownFileType = sourcecode.swift; path = RouterErrors.swift; sourceTree = "<group>"; };
		ADBF51FD2ACACCA9008E119C /* EndPoint.swift */ = {isa = PBXFileReference; lastKnownFileType = sourcecode.swift; path = EndPoint.swift; sourceTree = "<group>"; };
		ADBF52012ACAEF4A008E119C /* Print.swift */ = {isa = PBXFileReference; lastKnownFileType = sourcecode.swift; path = Print.swift; sourceTree = "<group>"; };
		ADBF52032ACC45BD008E119C /* Alert.swift */ = {isa = PBXFileReference; lastKnownFileType = sourcecode.swift; path = Alert.swift; sourceTree = "<group>"; };
		ADC58D562ABD73EB00961170 /* NetworkRouter.swift */ = {isa = PBXFileReference; lastKnownFileType = sourcecode.swift; path = NetworkRouter.swift; sourceTree = "<group>"; };
		ADC58D582ABD884800961170 /* MapperError.swift */ = {isa = PBXFileReference; lastKnownFileType = sourcecode.swift; path = MapperError.swift; sourceTree = "<group>"; };
		ADC58D5B2ABEBC8D00961170 /* NetWorkManagerErrors.swift */ = {isa = PBXFileReference; lastKnownFileType = sourcecode.swift; path = NetWorkManagerErrors.swift; sourceTree = "<group>"; };
		ADC58D5D2AC1912400961170 /* DateManager.swift */ = {isa = PBXFileReference; lastKnownFileType = sourcecode.swift; path = DateManager.swift; sourceTree = "<group>"; };
		ADC58D602AC1C1BD00961170 /* DataTransformer.swift */ = {isa = PBXFileReference; lastKnownFileType = sourcecode.swift; path = DataTransformer.swift; sourceTree = "<group>"; };
		ADE0B7562AD01C3800D117B1 /* Animate.swift */ = {isa = PBXFileReference; lastKnownFileType = sourcecode.swift; path = Animate.swift; sourceTree = "<group>"; };
		ADE1D0032A84FD47005BCC73 /* Time-to-travel.app */ = {isa = PBXFileReference; explicitFileType = wrapper.application; includeInIndex = 0; path = "Time-to-travel.app"; sourceTree = BUILT_PRODUCTS_DIR; };
		ADE1D0062A84FD47005BCC73 /* AppDelegate.swift */ = {isa = PBXFileReference; lastKnownFileType = sourcecode.swift; path = AppDelegate.swift; sourceTree = "<group>"; };
		ADE1D0082A84FD47005BCC73 /* SceneDelegate.swift */ = {isa = PBXFileReference; lastKnownFileType = sourcecode.swift; path = SceneDelegate.swift; sourceTree = "<group>"; };
		ADE1D00A2A84FD47005BCC73 /* TicketsViewController.swift */ = {isa = PBXFileReference; lastKnownFileType = sourcecode.swift; path = TicketsViewController.swift; sourceTree = "<group>"; };
		ADE1D00F2A84FD47005BCC73 /* Assets.xcassets */ = {isa = PBXFileReference; lastKnownFileType = folder.assetcatalog; path = Assets.xcassets; sourceTree = "<group>"; };
		ADE1D0122A84FD47005BCC73 /* Base */ = {isa = PBXFileReference; lastKnownFileType = file.storyboard; name = Base; path = Base.lproj/LaunchScreen.storyboard; sourceTree = "<group>"; };
		ADE1D0142A84FD47005BCC73 /* Info.plist */ = {isa = PBXFileReference; lastKnownFileType = text.plist.xml; path = Info.plist; sourceTree = "<group>"; };
		ADE1D01B2A850017005BCC73 /* TicketsViewModel.swift */ = {isa = PBXFileReference; lastKnownFileType = sourcecode.swift; path = TicketsViewModel.swift; sourceTree = "<group>"; };
		ADE1D01F2A8500D9005BCC73 /* Styles.swift */ = {isa = PBXFileReference; lastKnownFileType = sourcecode.swift; path = Styles.swift; sourceTree = "<group>"; };
		ADE1D0212A850116005BCC73 /* UIView + Extension.swift */ = {isa = PBXFileReference; lastKnownFileType = sourcecode.swift; path = "UIView + Extension.swift"; sourceTree = "<group>"; };
		ADE1D0232A85013E005BCC73 /* UILabel + Extension.swift */ = {isa = PBXFileReference; lastKnownFileType = sourcecode.swift; path = "UILabel + Extension.swift"; sourceTree = "<group>"; };
		ADE1D02A2A8501CB005BCC73 /* DetailsViewController.swift */ = {isa = PBXFileReference; lastKnownFileType = sourcecode.swift; path = DetailsViewController.swift; sourceTree = "<group>"; };
		ADE1D02C2A8501DE005BCC73 /* DetailsViewModel.swift */ = {isa = PBXFileReference; lastKnownFileType = sourcecode.swift; path = DetailsViewModel.swift; sourceTree = "<group>"; };
		ADE1D02F2A850215005BCC73 /* AirTicketCollectionViewCell.swift */ = {isa = PBXFileReference; lastKnownFileType = sourcecode.swift; path = AirTicketCollectionViewCell.swift; sourceTree = "<group>"; };
		ADE1D0352A864D33005BCC73 /* CoordinatorProtocol.swift */ = {isa = PBXFileReference; lastKnownFileType = sourcecode.swift; path = CoordinatorProtocol.swift; sourceTree = "<group>"; };
		ADE1D0372A864D46005BCC73 /* MainCoordinator.swift */ = {isa = PBXFileReference; lastKnownFileType = sourcecode.swift; path = MainCoordinator.swift; sourceTree = "<group>"; };
		ADE1D0392A864D60005BCC73 /* TicketsCoordinator.swift */ = {isa = PBXFileReference; lastKnownFileType = sourcecode.swift; path = TicketsCoordinator.swift; sourceTree = "<group>"; };
/* End PBXFileReference section */

/* Begin PBXFrameworksBuildPhase section */
		ADE1D0002A84FD47005BCC73 /* Frameworks */ = {
			isa = PBXFrameworksBuildPhase;
			buildActionMask = 2147483647;
			files = (
			);
			runOnlyForDeploymentPostprocessing = 0;
		};
/* End PBXFrameworksBuildPhase section */

/* Begin PBXGroup section */
		AD1B7D432A9F9080008E0098 /* Core networkLayer */ = {
			isa = PBXGroup;
			children = (
				AD1B7D412A9F9078008E0098 /* Singleton.swift */,
				ADC58D562ABD73EB00961170 /* NetworkRouter.swift */,
				ADB923BF2AB85ED600B3DD78 /* RouterErrors.swift */,
				ADB923BD2AB85EBC00B3DD78 /* Mapper.swift */,
				ADC58D582ABD884800961170 /* MapperError.swift */,
			);
			path = "Core networkLayer";
			sourceTree = "<group>";
		};
		ADBF52052ACC59E9008E119C /* PresentationLayer */ = {
			isa = PBXGroup;
			children = (
				ADE1D0342A864D03005BCC73 /* Coordinator */,
				ADE1D0292A85019F005BCC73 /* Models */,
				ADE1D01A2A84FFF0005BCC73 /* TicketsVC */,
				ADE1D02E2A8501EB005BCC73 /* DetailsVC */,
				ADE1D0312A850224005BCC73 /* Cells */,
				ADE1D0262A850166005BCC73 /* Styles */,
				ADE1D0252A850152005BCC73 /* Extensions */,
			);
			path = PresentationLayer;
			sourceTree = "<group>";
		};
		ADC58D5A2ABEB2D600961170 /* BusinessLayer */ = {
			isa = PBXGroup;
			children = (
				ADC58D602AC1C1BD00961170 /* DataTransformer.swift */,
				ADBF51FD2ACACCA9008E119C /* EndPoint.swift */,
				AD1B7D3F2A9F8911008E0098 /* NetworkManager.swift */,
				ADC58D5B2ABEBC8D00961170 /* NetWorkManagerErrors.swift */,
				ADC58D5F2AC191FF00961170 /* Helper */,
			);
			path = BusinessLayer;
			sourceTree = "<group>";
		};
		ADC58D5F2AC191FF00961170 /* Helper */ = {
			isa = PBXGroup;
			children = (
				ADC58D5D2AC1912400961170 /* DateManager.swift */,
				ADBF52032ACC45BD008E119C /* Alert.swift */,
				ADE0B7562AD01C3800D117B1 /* Animate.swift */,
			);
			path = Helper;
			sourceTree = "<group>";
		};
		ADE1CFFA2A84FD47005BCC73 = {
			isa = PBXGroup;
			children = (
				ADE1D0052A84FD47005BCC73 /* Time-to-travel */,
				ADE1D0042A84FD47005BCC73 /* Products */,
			);
			sourceTree = "<group>";
		};
		ADE1D0042A84FD47005BCC73 /* Products */ = {
			isa = PBXGroup;
			children = (
				ADE1D0032A84FD47005BCC73 /* Time-to-travel.app */,
			);
			name = Products;
			sourceTree = "<group>";
		};
		ADE1D0052A84FD47005BCC73 /* Time-to-travel */ = {
			isa = PBXGroup;
			children = (
				ADE1D01E2A8500B3005BCC73 /* Application */,
				ADBF52052ACC59E9008E119C /* PresentationLayer */,
				ADC58D5A2ABEB2D600961170 /* BusinessLayer */,
				AD1B7D432A9F9080008E0098 /* Core networkLayer */,
				ADE1D01D2A85002A005BCC73 /* Resources */,
			);
			path = "Time-to-travel";
			sourceTree = "<group>";
		};
		ADE1D01A2A84FFF0005BCC73 /* TicketsVC */ = {
			isa = PBXGroup;
			children = (
				ADE1D00A2A84FD47005BCC73 /* TicketsViewController.swift */,
				ADE1D01B2A850017005BCC73 /* TicketsViewModel.swift */,
			);
			path = TicketsVC;
			sourceTree = "<group>";
		};
		ADE1D01D2A85002A005BCC73 /* Resources */ = {
			isa = PBXGroup;
			children = (
				ADE1D00F2A84FD47005BCC73 /* Assets.xcassets */,
				ADE1D0112A84FD47005BCC73 /* LaunchScreen.storyboard */,
				ADE1D0142A84FD47005BCC73 /* Info.plist */,
			);
			path = Resources;
			sourceTree = "<group>";
		};
		ADE1D01E2A8500B3005BCC73 /* Application */ = {
			isa = PBXGroup;
			children = (
				ADE1D0062A84FD47005BCC73 /* AppDelegate.swift */,
				ADE1D0082A84FD47005BCC73 /* SceneDelegate.swift */,
			);
			path = Application;
			sourceTree = "<group>";
		};
		ADE1D0252A850152005BCC73 /* Extensions */ = {
			isa = PBXGroup;
			children = (
				ADBF52012ACAEF4A008E119C /* Print.swift */,
				ADE1D0212A850116005BCC73 /* UIView + Extension.swift */,
				ADE1D0232A85013E005BCC73 /* UILabel + Extension.swift */,
			);
			path = Extensions;
			sourceTree = "<group>";
		};
		ADE1D0262A850166005BCC73 /* Styles */ = {
			isa = PBXGroup;
			children = (
				ADE1D01F2A8500D9005BCC73 /* Styles.swift */,
			);
			path = Styles;
			sourceTree = "<group>";
		};
		ADE1D0292A85019F005BCC73 /* Models */ = {
			isa = PBXGroup;
			children = (
				AD1B7D462AA0D4C9008E0098 /* TicketsDecoded.swift */,
				AD1B7D482AA0F3B5008E0098 /* TicketForUI.swift */,
			);
			path = Models;
			sourceTree = "<group>";
		};
		ADE1D02E2A8501EB005BCC73 /* DetailsVC */ = {
			isa = PBXGroup;
			children = (
				ADE1D02A2A8501CB005BCC73 /* DetailsViewController.swift */,
				ADE1D02C2A8501DE005BCC73 /* DetailsViewModel.swift */,
			);
			path = DetailsVC;
			sourceTree = "<group>";
		};
		ADE1D0312A850224005BCC73 /* Cells */ = {
			isa = PBXGroup;
			children = (
				ADE1D02F2A850215005BCC73 /* AirTicketCollectionViewCell.swift */,
			);
			path = Cells;
			sourceTree = "<group>";
		};
		ADE1D0342A864D03005BCC73 /* Coordinator */ = {
			isa = PBXGroup;
			children = (
				ADE1D0352A864D33005BCC73 /* CoordinatorProtocol.swift */,
				ADE1D0372A864D46005BCC73 /* MainCoordinator.swift */,
				ADE1D0392A864D60005BCC73 /* TicketsCoordinator.swift */,
			);
			path = Coordinator;
			sourceTree = "<group>";
		};
/* End PBXGroup section */

/* Begin PBXNativeTarget section */
		ADE1D0022A84FD47005BCC73 /* Time-to-travel */ = {
			isa = PBXNativeTarget;
			buildConfigurationList = ADE1D0172A84FD47005BCC73 /* Build configuration list for PBXNativeTarget "Time-to-travel" */;
			buildPhases = (
				ADE1CFFF2A84FD47005BCC73 /* Sources */,
				ADE1D0002A84FD47005BCC73 /* Frameworks */,
				ADE1D0012A84FD47005BCC73 /* Resources */,
			);
			buildRules = (
			);
			dependencies = (
			);
			name = "Time-to-travel";
			productName = "Time-to-travel";
			productReference = ADE1D0032A84FD47005BCC73 /* Time-to-travel.app */;
			productType = "com.apple.product-type.application";
		};
/* End PBXNativeTarget section */

/* Begin PBXProject section */
		ADE1CFFB2A84FD47005BCC73 /* Project object */ = {
			isa = PBXProject;
			attributes = {
				BuildIndependentTargetsInParallel = 1;
				LastSwiftUpdateCheck = 1430;
				LastUpgradeCheck = 1430;
				TargetAttributes = {
					ADE1D0022A84FD47005BCC73 = {
						CreatedOnToolsVersion = 14.3.1;
					};
				};
			};
			buildConfigurationList = ADE1CFFE2A84FD47005BCC73 /* Build configuration list for PBXProject "Time-to-travel" */;
			compatibilityVersion = "Xcode 14.0";
			developmentRegion = en;
			hasScannedForEncodings = 0;
			knownRegions = (
				en,
				Base,
			);
			mainGroup = ADE1CFFA2A84FD47005BCC73;
			productRefGroup = ADE1D0042A84FD47005BCC73 /* Products */;
			projectDirPath = "";
			projectRoot = "";
			targets = (
				ADE1D0022A84FD47005BCC73 /* Time-to-travel */,
			);
		};
/* End PBXProject section */

/* Begin PBXResourcesBuildPhase section */
		ADE1D0012A84FD47005BCC73 /* Resources */ = {
			isa = PBXResourcesBuildPhase;
			buildActionMask = 2147483647;
			files = (
				ADE1D0132A84FD47005BCC73 /* LaunchScreen.storyboard in Resources */,
				ADE1D0102A84FD47005BCC73 /* Assets.xcassets in Resources */,
			);
			runOnlyForDeploymentPostprocessing = 0;
		};
/* End PBXResourcesBuildPhase section */

/* Begin PBXSourcesBuildPhase section */
		ADE1CFFF2A84FD47005BCC73 /* Sources */ = {
			isa = PBXSourcesBuildPhase;
			buildActionMask = 2147483647;
			files = (
				ADE1D01C2A850017005BCC73 /* TicketsViewModel.swift in Sources */,
				ADC58D572ABD73EB00961170 /* NetworkRouter.swift in Sources */,
				ADE1D0202A8500D9005BCC73 /* Styles.swift in Sources */,
				ADBF52022ACAEF4A008E119C /* Print.swift in Sources */,
				ADE1D0362A864D33005BCC73 /* CoordinatorProtocol.swift in Sources */,
				ADE1D02B2A8501CB005BCC73 /* DetailsViewController.swift in Sources */,
				ADB923BE2AB85EBC00B3DD78 /* Mapper.swift in Sources */,
				AD1B7D402A9F8911008E0098 /* NetworkManager.swift in Sources */,
				ADE1D03A2A864D60005BCC73 /* TicketsCoordinator.swift in Sources */,
				ADBF52042ACC45BD008E119C /* Alert.swift in Sources */,
				ADE1D0222A850116005BCC73 /* UIView + Extension.swift in Sources */,
				ADE1D0242A85013E005BCC73 /* UILabel + Extension.swift in Sources */,
				ADE1D00B2A84FD47005BCC73 /* TicketsViewController.swift in Sources */,
				AD1B7D492AA0F3B5008E0098 /* TicketForUI.swift in Sources */,
				ADBF51FE2ACACCA9008E119C /* EndPoint.swift in Sources */,
				AD1B7D472AA0D4C9008E0098 /* TicketsDecoded.swift in Sources */,
				ADC58D612AC1C1BD00961170 /* DataTransformer.swift in Sources */,
				ADC58D5E2AC1912400961170 /* DateManager.swift in Sources */,
				ADB923C02AB85ED600B3DD78 /* RouterErrors.swift in Sources */,
				ADE1D02D2A8501DE005BCC73 /* DetailsViewModel.swift in Sources */,
				ADE1D0072A84FD47005BCC73 /* AppDelegate.swift in Sources */,
				ADC58D5C2ABEBC8D00961170 /* NetWorkManagerErrors.swift in Sources */,
				ADC58D592ABD884900961170 /* MapperError.swift in Sources */,
				ADE1D0382A864D46005BCC73 /* MainCoordinator.swift in Sources */,
				ADE0B7572AD01C3800D117B1 /* Animate.swift in Sources */,
				ADE1D0092A84FD47005BCC73 /* SceneDelegate.swift in Sources */,
				AD1B7D422A9F9079008E0098 /* Singleton.swift in Sources */,
				ADE1D0302A850215005BCC73 /* AirTicketCollectionViewCell.swift in Sources */,
			);
			runOnlyForDeploymentPostprocessing = 0;
		};
/* End PBXSourcesBuildPhase section */

/* Begin PBXVariantGroup section */
		ADE1D0112A84FD47005BCC73 /* LaunchScreen.storyboard */ = {
			isa = PBXVariantGroup;
			children = (
				ADE1D0122A84FD47005BCC73 /* Base */,
			);
			name = LaunchScreen.storyboard;
			sourceTree = "<group>";
		};
/* End PBXVariantGroup section */

/* Begin XCBuildConfiguration section */
		ADE1D0152A84FD47005BCC73 /* Debug */ = {
			isa = XCBuildConfiguration;
			buildSettings = {
				ALWAYS_SEARCH_USER_PATHS = NO;
				CLANG_ANALYZER_NONNULL = YES;
				CLANG_ANALYZER_NUMBER_OBJECT_CONVERSION = YES_AGGRESSIVE;
				CLANG_CXX_LANGUAGE_STANDARD = "gnu++20";
				CLANG_ENABLE_MODULES = YES;
				CLANG_ENABLE_OBJC_ARC = YES;
				CLANG_ENABLE_OBJC_WEAK = YES;
				CLANG_WARN_BLOCK_CAPTURE_AUTORELEASING = YES;
				CLANG_WARN_BOOL_CONVERSION = YES;
				CLANG_WARN_COMMA = YES;
				CLANG_WARN_CONSTANT_CONVERSION = YES;
				CLANG_WARN_DEPRECATED_OBJC_IMPLEMENTATIONS = YES;
				CLANG_WARN_DIRECT_OBJC_ISA_USAGE = YES_ERROR;
				CLANG_WARN_DOCUMENTATION_COMMENTS = YES;
				CLANG_WARN_EMPTY_BODY = YES;
				CLANG_WARN_ENUM_CONVERSION = YES;
				CLANG_WARN_INFINITE_RECURSION = YES;
				CLANG_WARN_INT_CONVERSION = YES;
				CLANG_WARN_NON_LITERAL_NULL_CONVERSION = YES;
				CLANG_WARN_OBJC_IMPLICIT_RETAIN_SELF = YES;
				CLANG_WARN_OBJC_LITERAL_CONVERSION = YES;
				CLANG_WARN_OBJC_ROOT_CLASS = YES_ERROR;
				CLANG_WARN_QUOTED_INCLUDE_IN_FRAMEWORK_HEADER = YES;
				CLANG_WARN_RANGE_LOOP_ANALYSIS = YES;
				CLANG_WARN_STRICT_PROTOTYPES = YES;
				CLANG_WARN_SUSPICIOUS_MOVE = YES;
				CLANG_WARN_UNGUARDED_AVAILABILITY = YES_AGGRESSIVE;
				CLANG_WARN_UNREACHABLE_CODE = YES;
				CLANG_WARN__DUPLICATE_METHOD_MATCH = YES;
				COPY_PHASE_STRIP = NO;
				DEBUG_INFORMATION_FORMAT = dwarf;
				ENABLE_STRICT_OBJC_MSGSEND = YES;
				ENABLE_TESTABILITY = YES;
				GCC_C_LANGUAGE_STANDARD = gnu11;
				GCC_DYNAMIC_NO_PIC = NO;
				GCC_NO_COMMON_BLOCKS = YES;
				GCC_OPTIMIZATION_LEVEL = 0;
				GCC_PREPROCESSOR_DEFINITIONS = (
					"DEBUG=1",
					"$(inherited)",
				);
				GCC_WARN_64_TO_32_BIT_CONVERSION = YES;
				GCC_WARN_ABOUT_RETURN_TYPE = YES_ERROR;
				GCC_WARN_UNDECLARED_SELECTOR = YES;
				GCC_WARN_UNINITIALIZED_AUTOS = YES_AGGRESSIVE;
				GCC_WARN_UNUSED_FUNCTION = YES;
				GCC_WARN_UNUSED_VARIABLE = YES;
				IPHONEOS_DEPLOYMENT_TARGET = 16.4;
				MTL_ENABLE_DEBUG_INFO = INCLUDE_SOURCE;
				MTL_FAST_MATH = YES;
				ONLY_ACTIVE_ARCH = YES;
				SDKROOT = iphoneos;
				SWIFT_ACTIVE_COMPILATION_CONDITIONS = DEBUG;
				SWIFT_OPTIMIZATION_LEVEL = "-Onone";
			};
			name = Debug;
		};
		ADE1D0162A84FD47005BCC73 /* Release */ = {
			isa = XCBuildConfiguration;
			buildSettings = {
				ALWAYS_SEARCH_USER_PATHS = NO;
				CLANG_ANALYZER_NONNULL = YES;
				CLANG_ANALYZER_NUMBER_OBJECT_CONVERSION = YES_AGGRESSIVE;
				CLANG_CXX_LANGUAGE_STANDARD = "gnu++20";
				CLANG_ENABLE_MODULES = YES;
				CLANG_ENABLE_OBJC_ARC = YES;
				CLANG_ENABLE_OBJC_WEAK = YES;
				CLANG_WARN_BLOCK_CAPTURE_AUTORELEASING = YES;
				CLANG_WARN_BOOL_CONVERSION = YES;
				CLANG_WARN_COMMA = YES;
				CLANG_WARN_CONSTANT_CONVERSION = YES;
				CLANG_WARN_DEPRECATED_OBJC_IMPLEMENTATIONS = YES;
				CLANG_WARN_DIRECT_OBJC_ISA_USAGE = YES_ERROR;
				CLANG_WARN_DOCUMENTATION_COMMENTS = YES;
				CLANG_WARN_EMPTY_BODY = YES;
				CLANG_WARN_ENUM_CONVERSION = YES;
				CLANG_WARN_INFINITE_RECURSION = YES;
				CLANG_WARN_INT_CONVERSION = YES;
				CLANG_WARN_NON_LITERAL_NULL_CONVERSION = YES;
				CLANG_WARN_OBJC_IMPLICIT_RETAIN_SELF = YES;
				CLANG_WARN_OBJC_LITERAL_CONVERSION = YES;
				CLANG_WARN_OBJC_ROOT_CLASS = YES_ERROR;
				CLANG_WARN_QUOTED_INCLUDE_IN_FRAMEWORK_HEADER = YES;
				CLANG_WARN_RANGE_LOOP_ANALYSIS = YES;
				CLANG_WARN_STRICT_PROTOTYPES = YES;
				CLANG_WARN_SUSPICIOUS_MOVE = YES;
				CLANG_WARN_UNGUARDED_AVAILABILITY = YES_AGGRESSIVE;
				CLANG_WARN_UNREACHABLE_CODE = YES;
				CLANG_WARN__DUPLICATE_METHOD_MATCH = YES;
				COPY_PHASE_STRIP = NO;
				DEBUG_INFORMATION_FORMAT = "dwarf-with-dsym";
				ENABLE_NS_ASSERTIONS = NO;
				ENABLE_STRICT_OBJC_MSGSEND = YES;
				GCC_C_LANGUAGE_STANDARD = gnu11;
				GCC_NO_COMMON_BLOCKS = YES;
				GCC_WARN_64_TO_32_BIT_CONVERSION = YES;
				GCC_WARN_ABOUT_RETURN_TYPE = YES_ERROR;
				GCC_WARN_UNDECLARED_SELECTOR = YES;
				GCC_WARN_UNINITIALIZED_AUTOS = YES_AGGRESSIVE;
				GCC_WARN_UNUSED_FUNCTION = YES;
				GCC_WARN_UNUSED_VARIABLE = YES;
				IPHONEOS_DEPLOYMENT_TARGET = 16.4;
				MTL_ENABLE_DEBUG_INFO = NO;
				MTL_FAST_MATH = YES;
				SDKROOT = iphoneos;
				SWIFT_COMPILATION_MODE = wholemodule;
				SWIFT_OPTIMIZATION_LEVEL = "-O";
				VALIDATE_PRODUCT = YES;
			};
			name = Release;
		};
		ADE1D0182A84FD47005BCC73 /* Debug */ = {
			isa = XCBuildConfiguration;
			buildSettings = {
				ASSETCATALOG_COMPILER_APPICON_NAME = AppIcon;
				ASSETCATALOG_COMPILER_GLOBAL_ACCENT_COLOR_NAME = AccentColor;
				CODE_SIGN_STYLE = Automatic;
				CURRENT_PROJECT_VERSION = 1;
				DEVELOPMENT_TEAM = 994K78QDG8;
				GENERATE_INFOPLIST_FILE = YES;
				INFOPLIST_FILE = "Time-to-travel/Resources/Info.plist";
				INFOPLIST_KEY_LSApplicationCategoryType = "";
				INFOPLIST_KEY_UIApplicationSupportsIndirectInputEvents = YES;
				INFOPLIST_KEY_UILaunchStoryboardName = "";
				INFOPLIST_KEY_UISupportedInterfaceOrientations_iPad = "UIInterfaceOrientationPortrait UIInterfaceOrientationPortraitUpsideDown UIInterfaceOrientationLandscapeLeft UIInterfaceOrientationLandscapeRight";
				INFOPLIST_KEY_UISupportedInterfaceOrientations_iPhone = "UIInterfaceOrientationPortrait UIInterfaceOrientationLandscapeLeft UIInterfaceOrientationLandscapeRight";
				LD_RUNPATH_SEARCH_PATHS = (
					"$(inherited)",
					"@executable_path/Frameworks",
				);
				MARKETING_VERSION = 1.0;
				OTHER_SWIFT_FLAGS = "-Xfrontend -enable-actor-data-race-checks";
				PRODUCT_BUNDLE_IDENTIFIER = "i.Time-to-travel";
				PRODUCT_NAME = "$(TARGET_NAME)";
				SWIFT_EMIT_LOC_STRINGS = YES;
				SWIFT_VERSION = 5.0;
				TARGETED_DEVICE_FAMILY = "1,2";
			};
			name = Debug;
		};
		ADE1D0192A84FD47005BCC73 /* Release */ = {
			isa = XCBuildConfiguration;
			buildSettings = {
				ASSETCATALOG_COMPILER_APPICON_NAME = AppIcon;
				ASSETCATALOG_COMPILER_GLOBAL_ACCENT_COLOR_NAME = AccentColor;
				CODE_SIGN_STYLE = Automatic;
				CURRENT_PROJECT_VERSION = 1;
				DEVELOPMENT_TEAM = 994K78QDG8;
				GENERATE_INFOPLIST_FILE = YES;
				INFOPLIST_FILE = "Time-to-travel/Resources/Info.plist";
				INFOPLIST_KEY_LSApplicationCategoryType = "";
				INFOPLIST_KEY_UIApplicationSupportsIndirectInputEvents = YES;
				INFOPLIST_KEY_UILaunchStoryboardName = "";
				INFOPLIST_KEY_UISupportedInterfaceOrientations_iPad = "UIInterfaceOrientationPortrait UIInterfaceOrientationPortraitUpsideDown UIInterfaceOrientationLandscapeLeft UIInterfaceOrientationLandscapeRight";
				INFOPLIST_KEY_UISupportedInterfaceOrientations_iPhone = "UIInterfaceOrientationPortrait UIInterfaceOrientationLandscapeLeft UIInterfaceOrientationLandscapeRight";
				LD_RUNPATH_SEARCH_PATHS = (
					"$(inherited)",
					"@executable_path/Frameworks",
				);
				MARKETING_VERSION = 1.0;
				OTHER_SWIFT_FLAGS = "-Xfrontend -enable-actor-data-race-checks";
				PRODUCT_BUNDLE_IDENTIFIER = "i.Time-to-travel";
				PRODUCT_NAME = "$(TARGET_NAME)";
				SWIFT_EMIT_LOC_STRINGS = YES;
				SWIFT_VERSION = 5.0;
				TARGETED_DEVICE_FAMILY = "1,2";
			};
			name = Release;
		};
/* End XCBuildConfiguration section */

/* Begin XCConfigurationList section */
		ADE1CFFE2A84FD47005BCC73 /* Build configuration list for PBXProject "Time-to-travel" */ = {
			isa = XCConfigurationList;
			buildConfigurations = (
				ADE1D0152A84FD47005BCC73 /* Debug */,
				ADE1D0162A84FD47005BCC73 /* Release */,
			);
			defaultConfigurationIsVisible = 0;
			defaultConfigurationName = Release;
		};
		ADE1D0172A84FD47005BCC73 /* Build configuration list for PBXNativeTarget "Time-to-travel" */ = {
			isa = XCConfigurationList;
			buildConfigurations = (
				ADE1D0182A84FD47005BCC73 /* Debug */,
				ADE1D0192A84FD47005BCC73 /* Release */,
			);
			defaultConfigurationIsVisible = 0;
			defaultConfigurationName = Release;
		};
/* End XCConfigurationList section */
	};
	rootObject = ADE1CFFB2A84FD47005BCC73 /* Project object */;
}
